
Microsoft Visual Studio Solution File, Format Version 12.00
# Visual Studio Version 17
VisualStudioVersion = 17.3.32929.385
MinimumVisualStudioVersion = 10.0.40219.1
Project("{FAE04EC0-301F-11D3-BF4B-00C04F79EFBC}") = "Rechercher un nombre dans un tableau", "Rechercher un nombre dans un tableau\Rechercher un nombre dans un tableau.csproj", "{0E70DCE6-D049-4688-B5C3-2B822A2573D2}"
EndProject
Global
	GlobalSection(SolutionConfigurationPlatforms) = preSolution
		Debug|Any CPU = Debug|Any CPU
		Release|Any CPU = Release|Any CPU
	EndGlobalSection
	GlobalSection(ProjectConfigurationPlatforms) = postSolution
		{0E70DCE6-D049-4688-B5C3-2B822A2573D2}.Debug|Any CPU.ActiveCfg = Debug|Any CPU
		{0E70DCE6-D049-4688-B5C3-2B822A2573D2}.Debug|Any CPU.Build.0 = Debug|Any CPU
		{0E70DCE6-D049-4688-B5C3-2B822A2573D2}.Release|Any CPU.ActiveCfg = Release|Any CPU
		{0E70DCE6-D049-4688-B5C3-2B822A2573D2}.Release|Any CPU.Build.0 = Release|Any CPU
	EndGlobalSection
	GlobalSection(SolutionProperties) = preSolution
		HideSolutionNode = FALSE
	EndGlobalSection
	GlobalSection(ExtensibilityGlobals) = postSolution
		SolutionGuid = {5BDEC71C-276B-40DB-B6B3-2448956B94D8}
	EndGlobalSection
EndGlobal
