
Microsoft Visual Studio Solution File, Format Version 12.00
# Visual Studio Version 17
VisualStudioVersion = 17.3.32929.385
MinimumVisualStudioVersion = 10.0.40219.1
Project("{FAE04EC0-301F-11D3-BF4B-00C04F79EFBC}") = "Conversion degre fahrenheit all value", "Conversion degre fahrenheit all value\Conversion degre fahrenheit all value.csproj", "{FF2DE5B6-5A89-40EA-A4F6-CF91CD697A12}"
EndProject
Global
	GlobalSection(SolutionConfigurationPlatforms) = preSolution
		Debug|Any CPU = Debug|Any CPU
		Release|Any CPU = Release|Any CPU
	EndGlobalSection
	GlobalSection(ProjectConfigurationPlatforms) = postSolution
		{FF2DE5B6-5A89-40EA-A4F6-CF91CD697A12}.Debug|Any CPU.ActiveCfg = Debug|Any CPU
		{FF2DE5B6-5A89-40EA-A4F6-CF91CD697A12}.Debug|Any CPU.Build.0 = Debug|Any CPU
		{FF2DE5B6-5A89-40EA-A4F6-CF91CD697A12}.Release|Any CPU.ActiveCfg = Release|Any CPU
		{FF2DE5B6-5A89-40EA-A4F6-CF91CD697A12}.Release|Any CPU.Build.0 = Release|Any CPU
	EndGlobalSection
	GlobalSection(SolutionProperties) = preSolution
		HideSolutionNode = FALSE
	EndGlobalSection
	GlobalSection(ExtensibilityGlobals) = postSolution
		SolutionGuid = {3C9904E5-377A-485F-BE33-AAF0C50021EF}
	EndGlobalSection
EndGlobal
