
Microsoft Visual Studio Solution File, Format Version 12.00
# Visual Studio Version 17
VisualStudioVersion = 17.3.32929.385
MinimumVisualStudioVersion = 10.0.40219.1
Project("{FAE04EC0-301F-11D3-BF4B-00C04F79EFBC}") = "laSuiteDeFibonacci", "laSuiteDeFibonacci\laSuiteDeFibonacci.csproj", "{2DC9CE07-1896-414B-9700-97006179FA75}"
EndProject
Global
	GlobalSection(SolutionConfigurationPlatforms) = preSolution
		Debug|Any CPU = Debug|Any CPU
		Release|Any CPU = Release|Any CPU
	EndGlobalSection
	GlobalSection(ProjectConfigurationPlatforms) = postSolution
		{2DC9CE07-1896-414B-9700-97006179FA75}.Debug|Any CPU.ActiveCfg = Debug|Any CPU
		{2DC9CE07-1896-414B-9700-97006179FA75}.Debug|Any CPU.Build.0 = Debug|Any CPU
		{2DC9CE07-1896-414B-9700-97006179FA75}.Release|Any CPU.ActiveCfg = Release|Any CPU
		{2DC9CE07-1896-414B-9700-97006179FA75}.Release|Any CPU.Build.0 = Release|Any CPU
	EndGlobalSection
	GlobalSection(SolutionProperties) = preSolution
		HideSolutionNode = FALSE
	EndGlobalSection
	GlobalSection(ExtensibilityGlobals) = postSolution
		SolutionGuid = {C2E636BA-AF4E-4CF1-AD2A-20EAB0D619A8}
	EndGlobalSection
EndGlobal
