
Microsoft Visual Studio Solution File, Format Version 12.00
# Visual Studio Version 17
VisualStudioVersion = 17.3.32929.385
MinimumVisualStudioVersion = 10.0.40219.1
Project("{FAE04EC0-301F-11D3-BF4B-00C04F79EFBC}") = "conversion degres fahrenheit celsius", "conversion degres fahrenheit celsius\conversion degres fahrenheit celsius.csproj", "{FA8B20EC-3623-4840-81C6-321DA888BDF8}"
EndProject
Global
	GlobalSection(SolutionConfigurationPlatforms) = preSolution
		Debug|Any CPU = Debug|Any CPU
		Release|Any CPU = Release|Any CPU
	EndGlobalSection
	GlobalSection(ProjectConfigurationPlatforms) = postSolution
		{FA8B20EC-3623-4840-81C6-321DA888BDF8}.Debug|Any CPU.ActiveCfg = Debug|Any CPU
		{FA8B20EC-3623-4840-81C6-321DA888BDF8}.Debug|Any CPU.Build.0 = Debug|Any CPU
		{FA8B20EC-3623-4840-81C6-321DA888BDF8}.Release|Any CPU.ActiveCfg = Release|Any CPU
		{FA8B20EC-3623-4840-81C6-321DA888BDF8}.Release|Any CPU.Build.0 = Release|Any CPU
	EndGlobalSection
	GlobalSection(SolutionProperties) = preSolution
		HideSolutionNode = FALSE
	EndGlobalSection
	GlobalSection(ExtensibilityGlobals) = postSolution
		SolutionGuid = {E37795B1-9BB1-4269-8F54-34A95E34FB4C}
	EndGlobalSection
EndGlobal
