
Microsoft Visual Studio Solution File, Format Version 12.00
# Visual Studio Version 17
VisualStudioVersion = 17.3.32929.385
MinimumVisualStudioVersion = 10.0.40219.1
Project("{FAE04EC0-301F-11D3-BF4B-00C04F79EFBC}") = "Calcul_PGCD", "PGCD\Calcul_PGCD.csproj", "{B7662811-E13C-4082-968F-6AF6D8552EF6}"
EndProject
Global
	GlobalSection(SolutionConfigurationPlatforms) = preSolution
		Debug|Any CPU = Debug|Any CPU
		Release|Any CPU = Release|Any CPU
	EndGlobalSection
	GlobalSection(ProjectConfigurationPlatforms) = postSolution
		{B7662811-E13C-4082-968F-6AF6D8552EF6}.Debug|Any CPU.ActiveCfg = Debug|Any CPU
		{B7662811-E13C-4082-968F-6AF6D8552EF6}.Debug|Any CPU.Build.0 = Debug|Any CPU
		{B7662811-E13C-4082-968F-6AF6D8552EF6}.Release|Any CPU.ActiveCfg = Release|Any CPU
		{B7662811-E13C-4082-968F-6AF6D8552EF6}.Release|Any CPU.Build.0 = Release|Any CPU
	EndGlobalSection
	GlobalSection(SolutionProperties) = preSolution
		HideSolutionNode = FALSE
	EndGlobalSection
	GlobalSection(ExtensibilityGlobals) = postSolution
		SolutionGuid = {92CDBF3B-CD64-492E-AFE1-72FCCFF2E9F6}
	EndGlobalSection
EndGlobal
