
Microsoft Visual Studio Solution File, Format Version 12.00
# Visual Studio Version 17
VisualStudioVersion = 17.3.32929.385
MinimumVisualStudioVersion = 10.0.40219.1
Project("{FAE04EC0-301F-11D3-BF4B-00C04F79EFBC}") = "Calcul volume de l'Aire et du volume d'une sphère", "Calcul volume de l'Aire et du volume d'une sphère\Calcul volume de l'Aire et du volume d'une sphère.csproj", "{EECDA256-BD43-4CDC-8BA2-0B294838C19F}"
EndProject
Global
	GlobalSection(SolutionConfigurationPlatforms) = preSolution
		Debug|Any CPU = Debug|Any CPU
		Release|Any CPU = Release|Any CPU
	EndGlobalSection
	GlobalSection(ProjectConfigurationPlatforms) = postSolution
		{EECDA256-BD43-4CDC-8BA2-0B294838C19F}.Debug|Any CPU.ActiveCfg = Debug|Any CPU
		{EECDA256-BD43-4CDC-8BA2-0B294838C19F}.Debug|Any CPU.Build.0 = Debug|Any CPU
		{EECDA256-BD43-4CDC-8BA2-0B294838C19F}.Release|Any CPU.ActiveCfg = Release|Any CPU
		{EECDA256-BD43-4CDC-8BA2-0B294838C19F}.Release|Any CPU.Build.0 = Release|Any CPU
	EndGlobalSection
	GlobalSection(SolutionProperties) = preSolution
		HideSolutionNode = FALSE
	EndGlobalSection
	GlobalSection(ExtensibilityGlobals) = postSolution
		SolutionGuid = {EE6D9531-567A-435F-A60B-8354D1FC982D}
	EndGlobalSection
EndGlobal
