
Microsoft Visual Studio Solution File, Format Version 12.00
# Visual Studio Version 17
VisualStudioVersion = 17.3.32929.385
MinimumVisualStudioVersion = 10.0.40219.1
Project("{FAE04EC0-301F-11D3-BF4B-00C04F79EFBC}") = "JEU DU PENDU", "JEU DU PENDU\JEU DU PENDU.csproj", "{1DD9EA9B-8A96-440B-AE5C-E682A276EB27}"
EndProject
Global
	GlobalSection(SolutionConfigurationPlatforms) = preSolution
		Debug|Any CPU = Debug|Any CPU
		Release|Any CPU = Release|Any CPU
	EndGlobalSection
	GlobalSection(ProjectConfigurationPlatforms) = postSolution
		{1DD9EA9B-8A96-440B-AE5C-E682A276EB27}.Debug|Any CPU.ActiveCfg = Debug|Any CPU
		{1DD9EA9B-8A96-440B-AE5C-E682A276EB27}.Debug|Any CPU.Build.0 = Debug|Any CPU
		{1DD9EA9B-8A96-440B-AE5C-E682A276EB27}.Release|Any CPU.ActiveCfg = Release|Any CPU
		{1DD9EA9B-8A96-440B-AE5C-E682A276EB27}.Release|Any CPU.Build.0 = Release|Any CPU
	EndGlobalSection
	GlobalSection(SolutionProperties) = preSolution
		HideSolutionNode = FALSE
	EndGlobalSection
	GlobalSection(ExtensibilityGlobals) = postSolution
		SolutionGuid = {B3585E57-FF35-4018-BC1B-C0C21C84B4E3}
	EndGlobalSection
EndGlobal
