
Microsoft Visual Studio Solution File, Format Version 12.00
# Visual Studio Version 17
VisualStudioVersion = 17.3.32929.385
MinimumVisualStudioVersion = 10.0.40219.1
Project("{FAE04EC0-301F-11D3-BF4B-00C04F79EFBC}") = "Nombre Premier", "Nombre Premier\Nombre Premier.csproj", "{54104D86-B96C-48B3-82BB-1D48CC60C3F7}"
EndProject
Global
	GlobalSection(SolutionConfigurationPlatforms) = preSolution
		Debug|Any CPU = Debug|Any CPU
		Release|Any CPU = Release|Any CPU
	EndGlobalSection
	GlobalSection(ProjectConfigurationPlatforms) = postSolution
		{54104D86-B96C-48B3-82BB-1D48CC60C3F7}.Debug|Any CPU.ActiveCfg = Debug|Any CPU
		{54104D86-B96C-48B3-82BB-1D48CC60C3F7}.Debug|Any CPU.Build.0 = Debug|Any CPU
		{54104D86-B96C-48B3-82BB-1D48CC60C3F7}.Release|Any CPU.ActiveCfg = Release|Any CPU
		{54104D86-B96C-48B3-82BB-1D48CC60C3F7}.Release|Any CPU.Build.0 = Release|Any CPU
	EndGlobalSection
	GlobalSection(SolutionProperties) = preSolution
		HideSolutionNode = FALSE
	EndGlobalSection
	GlobalSection(ExtensibilityGlobals) = postSolution
		SolutionGuid = {669FF4E9-B2F5-41A2-B5FE-1EF767812E7D}
	EndGlobalSection
EndGlobal
