
Microsoft Visual Studio Solution File, Format Version 12.00
# Visual Studio Version 17
VisualStudioVersion = 17.3.32929.385
MinimumVisualStudioVersion = 10.0.40219.1
Project("{FAE04EC0-301F-11D3-BF4B-00C04F79EFBC}") = "JeuDu421", "JeuDu421\JeuDu421.csproj", "{4CD17BDC-6C87-4EBB-B447-3DD73A72ACAC}"
EndProject
Project("{FAE04EC0-301F-11D3-BF4B-00C04F79EFBC}") = "ClassLibrary1", "ClassLibrary1\ClassLibrary1.csproj", "{A6293A81-8B2D-4577-9017-850F8398C8D8}"
EndProject
Global
	GlobalSection(SolutionConfigurationPlatforms) = preSolution
		Debug|Any CPU = Debug|Any CPU
		Release|Any CPU = Release|Any CPU
	EndGlobalSection
	GlobalSection(ProjectConfigurationPlatforms) = postSolution
		{4CD17BDC-6C87-4EBB-B447-3DD73A72ACAC}.Debug|Any CPU.ActiveCfg = Debug|Any CPU
		{4CD17BDC-6C87-4EBB-B447-3DD73A72ACAC}.Debug|Any CPU.Build.0 = Debug|Any CPU
		{4CD17BDC-6C87-4EBB-B447-3DD73A72ACAC}.Release|Any CPU.ActiveCfg = Release|Any CPU
		{4CD17BDC-6C87-4EBB-B447-3DD73A72ACAC}.Release|Any CPU.Build.0 = Release|Any CPU
		{A6293A81-8B2D-4577-9017-850F8398C8D8}.Debug|Any CPU.ActiveCfg = Debug|Any CPU
		{A6293A81-8B2D-4577-9017-850F8398C8D8}.Debug|Any CPU.Build.0 = Debug|Any CPU
		{A6293A81-8B2D-4577-9017-850F8398C8D8}.Release|Any CPU.ActiveCfg = Release|Any CPU
		{A6293A81-8B2D-4577-9017-850F8398C8D8}.Release|Any CPU.Build.0 = Release|Any CPU
	EndGlobalSection
	GlobalSection(SolutionProperties) = preSolution
		HideSolutionNode = FALSE
	EndGlobalSection
	GlobalSection(ExtensibilityGlobals) = postSolution
		SolutionGuid = {813E962F-4D67-4F91-B9B3-4E5D41E40F23}
	EndGlobalSection
EndGlobal
